{
  "name": "nintendo-vs-frontend",
  "version": "1.2.0",
  "lockfileVersion": 2,
  "requires": true,
  "packages": {
    "": {
      "name": "nintendo-vs-frontend",
      "version": "1.2.0",
      "license": "MIT",
      "dependencies": {
        "js-yaml": "3.4.6",
        "lodash": "3.10.1",
        "sync-exec": "0.6.2"
      }
    },
    "node_modules/argparse": {
      "version": "1.0.10",
      "resolved": "https://registry.npmjs.org/argparse/-/argparse-1.0.10.tgz",
      "integrity": "sha512-o5Roy6tNG4SL/FOkCAN6RzjiakZS25RLYFrcMttJqbdd8BWrnA+fGz57iN5Pb06pvBGvl5gQ0B48dJlslXvoTg==",
      "dependencies": {
        "sprintf-js": "~1.0.2"
      }
    },
    "node_modules/esprima": {
      "version": "2.7.3",
      "resolved": "https://registry.npmjs.org/esprima/-/esprima-2.7.3.tgz",
      "integrity": "sha1-luO3DVd59q1JzQMmc9HDEnZ7pYE=",
      "bin": {
        "esparse": "bin/esparse.js",
        "esvalidate": "bin/esvalidate.js"
      },
      "engines": {
        "node": ">=0.10.0"
      }
    },
    "node_modules/inherit": {
      "version": "2.2.7",
      "resolved": "https://registry.npmjs.org/inherit/-/inherit-2.2.7.tgz",
      "integrity": "sha512-dxJmC1j0Q32NFAjvbd6g3lXYLZ49HgzotgbSMwMkoiTXGhC9412Oc24g7A7M9cPPkw/vDsF2cSII+2zJwocUtQ=="
    },
    "node_modules/js-yaml": {
      "version": "3.4.6",
      "resolved": "https://registry.npmjs.org/js-yaml/-/js-yaml-3.4.6.tgz",
      "integrity": "sha1-a+GyP2JJ9T0pM3D9TRqqY84bTrA=",
      "dependencies": {
        "argparse": "^1.0.2",
        "esprima": "^2.6.0",
        "inherit": "^2.2.2"
      },
      "bin": {
        "js-yaml": "bin/js-yaml.js"
      }
    },
    "node_modules/lodash": {
      "version": "3.10.1",
      "resolved": "https://registry.npmjs.org/lodash/-/lodash-3.10.1.tgz",
      "integrity": "sha1-W/Rejkm6QYnhfUgnid/RW9FAt7Y="
    },
    "node_modules/sprintf-js": {
      "version": "1.0.3",
      "resolved": "https://registry.npmjs.org/sprintf-js/-/sprintf-js-1.0.3.tgz",
      "integrity": "sha1-BOaSb2YolTVPPdAVIDYzuFcpfiw="
    },
    "node_modules/sync-exec": {
      "version": "0.6.2",
      "resolved": "https://registry.npmjs.org/sync-exec/-/sync-exec-0.6.2.tgz",
      "integrity": "sha1-cX0izFPwzh3vVZQ2LzqJouu5EQU="
    }
  },
  "dependencies": {
    "argparse": {
      "version": "1.0.10",
      "resolved": "https://registry.npmjs.org/argparse/-/argparse-1.0.10.tgz",
      "integrity": "sha512-o5Roy6tNG4SL/FOkCAN6RzjiakZS25RLYFrcMttJqbdd8BWrnA+fGz57iN5Pb06pvBGvl5gQ0B48dJlslXvoTg==",
      "requires": {
        "sprintf-js": "~1.0.2"
      }
    },
    "esprima": {
      "version": "2.7.3",
      "resolved": "https://registry.npmjs.org/esprima/-/esprima-2.7.3.tgz",
      "integrity": "sha1-luO3DVd59q1JzQMmc9HDEnZ7pYE="
    },
    "inherit": {
      "version": "2.2.7",
      "resolved": "https://registry.npmjs.org/inherit/-/inherit-2.2.7.tgz",
      "integrity": "sha512-dxJmC1j0Q32NFAjvbd6g3lXYLZ49HgzotgbSMwMkoiTXGhC9412Oc24g7A7M9cPPkw/vDsF2cSII+2zJwocUtQ=="
    },
    "js-yaml": {
      "version": "3.4.6",
      "resolved": "https://registry.npmjs.org/js-yaml/-/js-yaml-3.4.6.tgz",
      "integrity": "sha1-a+GyP2JJ9T0pM3D9TRqqY84bTrA=",
      "requires": {
        "argparse": "^1.0.2",
        "esprima": "^2.6.0",
        "inherit": "^2.2.2"
      }
    },
    "lodash": {
      "version": "3.10.1",
      "resolved": "https://registry.npmjs.org/lodash/-/lodash-3.10.1.tgz",
      "integrity": "sha1-W/Rejkm6QYnhfUgnid/RW9FAt7Y="
    },
    "sprintf-js": {
      "version": "1.0.3",
      "resolved": "https://registry.npmjs.org/sprintf-js/-/sprintf-js-1.0.3.tgz",
      "integrity": "sha1-BOaSb2YolTVPPdAVIDYzuFcpfiw="
    },
    "sync-exec": {
      "version": "0.6.2",
      "resolved": "https://registry.npmjs.org/sync-exec/-/sync-exec-0.6.2.tgz",
      "integrity": "sha1-cX0izFPwzh3vVZQ2LzqJouu5EQU="
    }
  }
}
